
Microsoft Visual Studio Solution File, Format Version 12.00
# Visual Studio Version 17
VisualStudioVersion = 17.0.31815.197
MinimumVisualStudioVersion = 10.0.40219.1
Project("{9A19103F-16F7-4668-BE54-9A1E7A4F7556}") = "BlazorWithTailwind", "BlazorWithTailwind\BlazorWithTailwind.csproj", "{B7243A2B-C626-4DED-BE13-EE4707F40F85}"
EndProject
Global
	GlobalSection(SolutionConfigurationPlatforms) = preSolution
		Debug|Any CPU = Debug|Any CPU
		Release|Any CPU = Release|Any CPU
	EndGlobalSection
	GlobalSection(ProjectConfigurationPlatforms) = postSolution
		{B7243A2B-C626-4DED-BE13-EE4707F40F85}.Debug|Any CPU.ActiveCfg = Debug|Any CPU
		{B7243A2B-C626-4DED-BE13-EE4707F40F85}.Debug|Any CPU.Build.0 = Debug|Any CPU
		{B7243A2B-C626-4DED-BE13-EE4707F40F85}.Release|Any CPU.ActiveCfg = Release|Any CPU
		{B7243A2B-C626-4DED-BE13-EE4707F40F85}.Release|Any CPU.Build.0 = Release|Any CPU
	EndGlobalSection
	GlobalSection(SolutionProperties) = preSolution
		HideSolutionNode = FALSE
	EndGlobalSection
	GlobalSection(ExtensibilityGlobals) = postSolution
		SolutionGuid = {1A5126D0-856F-453D-BB45-5BAB4B6C2CCF}
	EndGlobalSection
EndGlobal
